
Microsoft Visual Studio Solution File, Format Version 12.00
# Visual Studio Version 17
VisualStudioVersion = 17.0.31903.59
MinimumVisualStudioVersion = 10.0.40219.1
Project("{FAE04EC0-301F-11D3-BF4B-00C04F79EFBC}") = "MovieDatabase", "MovieDatabase\MovieDatabase.csproj", "{59EB89D1-365D-4737-8525-A0F92AEC7688}"
EndProject
Project("{FAE04EC0-301F-11D3-BF4B-00C04F79EFBC}") = "DataAccess", "DataAccess\DataAccess.csproj", "{EDB71B25-A035-4AAE-92DF-42EED6B6E731}"
EndProject
Global
	GlobalSection(SolutionConfigurationPlatforms) = preSolution
		Debug|Any CPU = Debug|Any CPU
		Release|Any CPU = Release|Any CPU
	EndGlobalSection
	GlobalSection(ProjectConfigurationPlatforms) = postSolution
		{59EB89D1-365D-4737-8525-A0F92AEC7688}.Debug|Any CPU.ActiveCfg = Debug|Any CPU
		{59EB89D1-365D-4737-8525-A0F92AEC7688}.Debug|Any CPU.Build.0 = Debug|Any CPU
		{59EB89D1-365D-4737-8525-A0F92AEC7688}.Release|Any CPU.ActiveCfg = Release|Any CPU
		{59EB89D1-365D-4737-8525-A0F92AEC7688}.Release|Any CPU.Build.0 = Release|Any CPU
		{EDB71B25-A035-4AAE-92DF-42EED6B6E731}.Debug|Any CPU.ActiveCfg = Debug|Any CPU
		{EDB71B25-A035-4AAE-92DF-42EED6B6E731}.Debug|Any CPU.Build.0 = Debug|Any CPU
		{EDB71B25-A035-4AAE-92DF-42EED6B6E731}.Release|Any CPU.ActiveCfg = Release|Any CPU
		{EDB71B25-A035-4AAE-92DF-42EED6B6E731}.Release|Any CPU.Build.0 = Release|Any CPU
	EndGlobalSection
	GlobalSection(SolutionProperties) = preSolution
		HideSolutionNode = FALSE
	EndGlobalSection
EndGlobal
